
Microsoft Visual Studio Solution File, Format Version 12.00
# Visual Studio 15
VisualStudioVersion = 15.0.28307.1259
MinimumVisualStudioVersion = 10.0.40219.1
Project("{E24C65DC-7377-472B-9ABA-BC803B73C61A}") = "SalesQuotation", ".", "{20440FE9-B80F-47AA-857C-93EC7CC544F6}"
	ProjectSection(WebsiteProperties) = preProject
		TargetFrameworkMoniker = ".NETFramework,Version%3Dv4.0"
		Debug.AspNetCompiler.VirtualPath = "/localhost_52943"
		Debug.AspNetCompiler.PhysicalPath = "D:\Websites\FocusProjects\SalesQuotation\"
		Debug.AspNetCompiler.TargetPath = "PrecompiledWeb\localhost_52943\"
		Debug.AspNetCompiler.Updateable = "true"
		Debug.AspNetCompiler.ForceOverwrite = "true"
		Debug.AspNetCompiler.FixedNames = "false"
		Debug.AspNetCompiler.Debug = "True"
		Release.AspNetCompiler.VirtualPath = "/localhost_52943"
		Release.AspNetCompiler.PhysicalPath = "D:\Websites\FocusProjects\SalesQuotation\"
		Release.AspNetCompiler.TargetPath = "PrecompiledWeb\localhost_52943\"
		Release.AspNetCompiler.Updateable = "true"
		Release.AspNetCompiler.ForceOverwrite = "true"
		Release.AspNetCompiler.FixedNames = "false"
		Release.AspNetCompiler.Debug = "False"
		VWDPort = "52943"
	EndProjectSection
EndProject
Global
	GlobalSection(SolutionConfigurationPlatforms) = preSolution
		Debug|Any CPU = Debug|Any CPU
	EndGlobalSection
	GlobalSection(ProjectConfigurationPlatforms) = postSolution
		{20440FE9-B80F-47AA-857C-93EC7CC544F6}.Debug|Any CPU.ActiveCfg = Debug|Any CPU
		{20440FE9-B80F-47AA-857C-93EC7CC544F6}.Debug|Any CPU.Build.0 = Debug|Any CPU
	EndGlobalSection
	GlobalSection(SolutionProperties) = preSolution
		HideSolutionNode = FALSE
	EndGlobalSection
	GlobalSection(ExtensibilityGlobals) = postSolution
		SolutionGuid = {3EAF21C3-3E05-49C7-A532-A253E9977803}
	EndGlobalSection
EndGlobal
